
Microsoft Visual Studio Solution File, Format Version 12.00
# Visual Studio Version 17
VisualStudioVersion = 17.0.32014.148
MinimumVisualStudioVersion = 10.0.40219.1
Project("{FAE04EC0-301F-11D3-BF4B-00C04F79EFBC}") = "primer_api", "primer_api\primer_api.csproj", "{C68C320E-B38A-4B85-B478-C5AE0F9A2283}"
EndProject
Global
	GlobalSection(SolutionConfigurationPlatforms) = preSolution
		Debug|Any CPU = Debug|Any CPU
		Release|Any CPU = Release|Any CPU
	EndGlobalSection
	GlobalSection(ProjectConfigurationPlatforms) = postSolution
		{C68C320E-B38A-4B85-B478-C5AE0F9A2283}.Debug|Any CPU.ActiveCfg = Debug|Any CPU
		{C68C320E-B38A-4B85-B478-C5AE0F9A2283}.Debug|Any CPU.Build.0 = Debug|Any CPU
		{C68C320E-B38A-4B85-B478-C5AE0F9A2283}.Release|Any CPU.ActiveCfg = Release|Any CPU
		{C68C320E-B38A-4B85-B478-C5AE0F9A2283}.Release|Any CPU.Build.0 = Release|Any CPU
	EndGlobalSection
	GlobalSection(SolutionProperties) = preSolution
		HideSolutionNode = FALSE
	EndGlobalSection
	GlobalSection(ExtensibilityGlobals) = postSolution
		SolutionGuid = {9DE5FD1B-09AC-40F4-8A09-D0608A45A56A}
	EndGlobalSection
EndGlobal
